
Microsoft Visual Studio Solution File, Format Version 12.00
# Visual Studio Version 16
VisualStudioVersion = 16.0.29613.14
MinimumVisualStudioVersion = 10.0.40219.1
Project("{FAE04EC0-301F-11D3-BF4B-00C04F79EFBC}") = "Seekarte", "Seekarte\Seekarte.csproj", "{EC787A40-0745-49E2-A911-178011F4F0A6}"
EndProject
Global
	GlobalSection(SolutionConfigurationPlatforms) = preSolution
		Debug|Any CPU = Debug|Any CPU
		Release|Any CPU = Release|Any CPU
	EndGlobalSection
	GlobalSection(ProjectConfigurationPlatforms) = postSolution
		{EC787A40-0745-49E2-A911-178011F4F0A6}.Debug|Any CPU.ActiveCfg = Debug|Any CPU
		{EC787A40-0745-49E2-A911-178011F4F0A6}.Debug|Any CPU.Build.0 = Debug|Any CPU
		{EC787A40-0745-49E2-A911-178011F4F0A6}.Release|Any CPU.ActiveCfg = Release|Any CPU
		{EC787A40-0745-49E2-A911-178011F4F0A6}.Release|Any CPU.Build.0 = Release|Any CPU
	EndGlobalSection
	GlobalSection(SolutionProperties) = preSolution
		HideSolutionNode = FALSE
	EndGlobalSection
	GlobalSection(ExtensibilityGlobals) = postSolution
		SolutionGuid = {28CCA352-9EF0-4EF5-942C-60303D70C14C}
	EndGlobalSection
EndGlobal
